{
  "requires": true,
  "lockfileVersion": 1,
  "dependencies": {
    "@tinymce/tinymce-vue": {
      "version": "3.0.1",
      "resolved": "https://registry.npm.taobao.org/@tinymce/tinymce-vue/download/@tinymce/tinymce-vue-3.0.1.tgz?cache=0&other_urls=https%3A%2F%2Fregistry.npm.taobao.org%2F%40tinymce%2Ftinymce-vue%2Fdownload%2F%40tinymce%2Ftinymce-vue-3.0.1.tgz",
      "integrity": "sha1-xga11rBwSn/B79+W72CAzcI8iPM="
    }
  }
}
