{
  "name": "origin",
  "version": "1.0.0",
  "lockfileVersion": 1,
  "requires": true,
  "dependencies": {
    "tapable": {
      "version": "2.0.0-beta.3",
      "resolved": "https://registry.npmjs.org/tapable/-/tapable-2.0.0-beta.3.tgz",
      "integrity": "sha512-0H5N+0jxsh1yLsIJERSOPY+3e8XjiUC+uVxuEgb3COJvUooDGwWAHE96j2MdEoSOwzXkQNq0PbqqHH407pKwHQ==",
      "dev": true
    }
  }
}
